
Microsoft Visual Studio Solution File, Format Version 12.00
# Visual Studio Version 16
VisualStudioVersion = 16.0.29709.97
MinimumVisualStudioVersion = 10.0.40219.1
Project("{9A19103F-16F7-4668-BE54-9A1E7A4F7556}") = "NuixClient", "NuixClient\NuixClient.csproj", "{38E825CC-DE6A-437D-96B7-D1C2F4CFF440}"
EndProject
Global
	GlobalSection(SolutionConfigurationPlatforms) = preSolution
		Debug|Any CPU = Debug|Any CPU
		Release|Any CPU = Release|Any CPU
	EndGlobalSection
	GlobalSection(ProjectConfigurationPlatforms) = postSolution
		{38E825CC-DE6A-437D-96B7-D1C2F4CFF440}.Debug|Any CPU.ActiveCfg = Debug|Any CPU
		{38E825CC-DE6A-437D-96B7-D1C2F4CFF440}.Debug|Any CPU.Build.0 = Debug|Any CPU
		{38E825CC-DE6A-437D-96B7-D1C2F4CFF440}.Release|Any CPU.ActiveCfg = Release|Any CPU
		{38E825CC-DE6A-437D-96B7-D1C2F4CFF440}.Release|Any CPU.Build.0 = Release|Any CPU
	EndGlobalSection
	GlobalSection(SolutionProperties) = preSolution
		HideSolutionNode = FALSE
	EndGlobalSection
	GlobalSection(ExtensibilityGlobals) = postSolution
		SolutionGuid = {7ACCFB46-DA64-433E-9796-BD651119A2C9}
	EndGlobalSection
EndGlobal
