
Microsoft Visual Studio Solution File, Format Version 12.00
# Visual Studio Version 16
VisualStudioVersion = 16.0.29728.190
MinimumVisualStudioVersion = 10.0.40219.1
Project("{9A19103F-16F7-4668-BE54-9A1E7A4F7556}") = "NuixClientConsole", "NuixClientConsole\NuixClientConsole.csproj", "{80972A8F-0387-4C7E-9846-F3F54B01932B}"
EndProject
Project("{9A19103F-16F7-4668-BE54-9A1E7A4F7556}") = "NuixClient", "NuixClient\NuixClient.csproj", "{DC18DF1A-570F-4380-A266-3EF9CA771699}"
EndProject
Project("{9A19103F-16F7-4668-BE54-9A1E7A4F7556}") = "NuixClientTests", "NuixClientTests\NuixClientTests.csproj", "{B242ECE0-86EB-4295-BDF4-20D419308253}"
EndProject
Project("{9A19103F-16F7-4668-BE54-9A1E7A4F7556}") = "Orchestration", "Orchestration\Orchestration.csproj", "{83AC3086-F919-4800-B7F0-CED65DF9B335}"
EndProject
Project("{FAE04EC0-301F-11D3-BF4B-00C04F79EFBC}") = "OrchestrationTests", "OrchestrationTests\OrchestrationTests.csproj", "{52033527-F03F-4466-BAB0-057107ADAEC6}"
EndProject
Global
	GlobalSection(SolutionConfigurationPlatforms) = preSolution
		Debug|Any CPU = Debug|Any CPU
		Release|Any CPU = Release|Any CPU
	EndGlobalSection
	GlobalSection(ProjectConfigurationPlatforms) = postSolution
		{80972A8F-0387-4C7E-9846-F3F54B01932B}.Debug|Any CPU.ActiveCfg = Debug|Any CPU
		{80972A8F-0387-4C7E-9846-F3F54B01932B}.Debug|Any CPU.Build.0 = Debug|Any CPU
		{80972A8F-0387-4C7E-9846-F3F54B01932B}.Release|Any CPU.ActiveCfg = Release|Any CPU
		{80972A8F-0387-4C7E-9846-F3F54B01932B}.Release|Any CPU.Build.0 = Release|Any CPU
		{DC18DF1A-570F-4380-A266-3EF9CA771699}.Debug|Any CPU.ActiveCfg = Debug|Any CPU
		{DC18DF1A-570F-4380-A266-3EF9CA771699}.Debug|Any CPU.Build.0 = Debug|Any CPU
		{DC18DF1A-570F-4380-A266-3EF9CA771699}.Release|Any CPU.ActiveCfg = Release|Any CPU
		{DC18DF1A-570F-4380-A266-3EF9CA771699}.Release|Any CPU.Build.0 = Release|Any CPU
		{B242ECE0-86EB-4295-BDF4-20D419308253}.Debug|Any CPU.ActiveCfg = Debug|Any CPU
		{B242ECE0-86EB-4295-BDF4-20D419308253}.Debug|Any CPU.Build.0 = Debug|Any CPU
		{B242ECE0-86EB-4295-BDF4-20D419308253}.Release|Any CPU.ActiveCfg = Release|Any CPU
		{B242ECE0-86EB-4295-BDF4-20D419308253}.Release|Any CPU.Build.0 = Release|Any CPU
		{83AC3086-F919-4800-B7F0-CED65DF9B335}.Debug|Any CPU.ActiveCfg = Debug|Any CPU
		{83AC3086-F919-4800-B7F0-CED65DF9B335}.Debug|Any CPU.Build.0 = Debug|Any CPU
		{83AC3086-F919-4800-B7F0-CED65DF9B335}.Release|Any CPU.ActiveCfg = Release|Any CPU
		{83AC3086-F919-4800-B7F0-CED65DF9B335}.Release|Any CPU.Build.0 = Release|Any CPU
		{52033527-F03F-4466-BAB0-057107ADAEC6}.Debug|Any CPU.ActiveCfg = Debug|Any CPU
		{52033527-F03F-4466-BAB0-057107ADAEC6}.Debug|Any CPU.Build.0 = Debug|Any CPU
		{52033527-F03F-4466-BAB0-057107ADAEC6}.Release|Any CPU.ActiveCfg = Release|Any CPU
		{52033527-F03F-4466-BAB0-057107ADAEC6}.Release|Any CPU.Build.0 = Release|Any CPU
	EndGlobalSection
	GlobalSection(SolutionProperties) = preSolution
		HideSolutionNode = FALSE
	EndGlobalSection
	GlobalSection(ExtensibilityGlobals) = postSolution
		SolutionGuid = {F9E6A88F-DECD-4E36-8006-D0AE8496EAC3}
	EndGlobalSection
EndGlobal
