
Microsoft Visual Studio Solution File, Format Version 12.00
# Visual Studio Version 16
VisualStudioVersion = 16.0.29709.97
MinimumVisualStudioVersion = 10.0.40219.1
Project("{9A19103F-16F7-4668-BE54-9A1E7A4F7556}") = "NuixClient", "NuixClient\NuixClient.csproj", "{38E825CC-DE6A-437D-96B7-D1C2F4CFF440}"
EndProject
Project("{9A19103F-16F7-4668-BE54-9A1E7A4F7556}") = "NuixFrontEnd", "NuixFrontEnd\NuixFrontEnd.csproj", "{E51DCE88-D1B2-4ABD-A1B2-DE57F6F0ED71}"
EndProject
Project("{9A19103F-16F7-4668-BE54-9A1E7A4F7556}") = "Razor_Components", "Razor_Components\Razor_Components.csproj", "{6B91230F-09C3-4DD3-94B5-1B51086212C5}"
EndProject
Project("{9A19103F-16F7-4668-BE54-9A1E7A4F7556}") = "NuixClientAPI", "NuixClientAPI\NuixClientAPI.csproj", "{576BDEE0-880E-4195-9F50-EB2D559FA4A7}"
EndProject
Project("{9A19103F-16F7-4668-BE54-9A1E7A4F7556}") = "NuixClientConsole", "NuixClientConsole\NuixClientConsole.csproj", "{BB8118A4-043C-48A3-B90D-070D3885129E}"
EndProject
Global
	GlobalSection(SolutionConfigurationPlatforms) = preSolution
		Debug|Any CPU = Debug|Any CPU
		Release|Any CPU = Release|Any CPU
	EndGlobalSection
	GlobalSection(ProjectConfigurationPlatforms) = postSolution
		{38E825CC-DE6A-437D-96B7-D1C2F4CFF440}.Debug|Any CPU.ActiveCfg = Debug|Any CPU
		{38E825CC-DE6A-437D-96B7-D1C2F4CFF440}.Debug|Any CPU.Build.0 = Debug|Any CPU
		{38E825CC-DE6A-437D-96B7-D1C2F4CFF440}.Release|Any CPU.ActiveCfg = Release|Any CPU
		{38E825CC-DE6A-437D-96B7-D1C2F4CFF440}.Release|Any CPU.Build.0 = Release|Any CPU
		{E51DCE88-D1B2-4ABD-A1B2-DE57F6F0ED71}.Debug|Any CPU.ActiveCfg = Debug|Any CPU
		{E51DCE88-D1B2-4ABD-A1B2-DE57F6F0ED71}.Debug|Any CPU.Build.0 = Debug|Any CPU
		{E51DCE88-D1B2-4ABD-A1B2-DE57F6F0ED71}.Release|Any CPU.ActiveCfg = Release|Any CPU
		{E51DCE88-D1B2-4ABD-A1B2-DE57F6F0ED71}.Release|Any CPU.Build.0 = Release|Any CPU
		{6B91230F-09C3-4DD3-94B5-1B51086212C5}.Debug|Any CPU.ActiveCfg = Debug|Any CPU
		{6B91230F-09C3-4DD3-94B5-1B51086212C5}.Debug|Any CPU.Build.0 = Debug|Any CPU
		{6B91230F-09C3-4DD3-94B5-1B51086212C5}.Release|Any CPU.ActiveCfg = Release|Any CPU
		{6B91230F-09C3-4DD3-94B5-1B51086212C5}.Release|Any CPU.Build.0 = Release|Any CPU
		{576BDEE0-880E-4195-9F50-EB2D559FA4A7}.Debug|Any CPU.ActiveCfg = Debug|Any CPU
		{576BDEE0-880E-4195-9F50-EB2D559FA4A7}.Debug|Any CPU.Build.0 = Debug|Any CPU
		{576BDEE0-880E-4195-9F50-EB2D559FA4A7}.Release|Any CPU.ActiveCfg = Release|Any CPU
		{576BDEE0-880E-4195-9F50-EB2D559FA4A7}.Release|Any CPU.Build.0 = Release|Any CPU
		{BB8118A4-043C-48A3-B90D-070D3885129E}.Debug|Any CPU.ActiveCfg = Debug|Any CPU
		{BB8118A4-043C-48A3-B90D-070D3885129E}.Debug|Any CPU.Build.0 = Debug|Any CPU
		{BB8118A4-043C-48A3-B90D-070D3885129E}.Release|Any CPU.ActiveCfg = Release|Any CPU
		{BB8118A4-043C-48A3-B90D-070D3885129E}.Release|Any CPU.Build.0 = Release|Any CPU
	EndGlobalSection
	GlobalSection(SolutionProperties) = preSolution
		HideSolutionNode = FALSE
	EndGlobalSection
	GlobalSection(ExtensibilityGlobals) = postSolution
		SolutionGuid = {7ACCFB46-DA64-433E-9796-BD651119A2C9}
	EndGlobalSection
EndGlobal
