
Microsoft Visual Studio Solution File, Format Version 12.00
# Visual Studio Version 16
VisualStudioVersion = 16.0.29728.190
MinimumVisualStudioVersion = 10.0.40219.1
Project("{9A19103F-16F7-4668-BE54-9A1E7A4F7556}") = "NuixConsole", "NuixConsole\NuixConsole.csproj", "{80972A8F-0387-4C7E-9846-F3F54B01932B}"
EndProject
Project("{9A19103F-16F7-4668-BE54-9A1E7A4F7556}") = "NuixClient", "NuixClient\NuixClient.csproj", "{DC18DF1A-570F-4380-A266-3EF9CA771699}"
EndProject
Project("{9A19103F-16F7-4668-BE54-9A1E7A4F7556}") = "NuixClientTests", "NuixClientTests\NuixClientTests.csproj", "{B242ECE0-86EB-4295-BDF4-20D419308253}"
EndProject
Project("{9A19103F-16F7-4668-BE54-9A1E7A4F7556}") = "NuixSearch", "NuixSearch\NuixSearch.csproj", "{7A3689F5-20A7-44B8-9BA1-0CAE13628441}"
EndProject
Project("{9A19103F-16F7-4668-BE54-9A1E7A4F7556}") = "NuixSearchTests", "NuixSearchTests\NuixSearchTests.csproj", "{35426298-230A-484B-8A50-BFCBFEBF6532}"
EndProject
Project("{9A19103F-16F7-4668-BE54-9A1E7A4F7556}") = "InstantConsole", "InstantConsole\InstantConsole\InstantConsole.csproj", "{86DD3539-7553-4B83-A937-8ACD25AD31C3}"
EndProject
Project("{9A19103F-16F7-4668-BE54-9A1E7A4F7556}") = "Processes", "processes\Processes\Processes.csproj", "{4D4373FF-D809-4402-98C9-E55D8E48A120}"
EndProject
Project("{9A19103F-16F7-4668-BE54-9A1E7A4F7556}") = "ProcessesTests", "processes\ProcessesTests\ProcessesTests.csproj", "{FF0A9A1D-9DF3-492E-BDB8-F9AF5464FE52}"
EndProject
Project("{2150E333-8FDC-42A3-9474-1A3956D46DE8}") = "Solution Items", "Solution Items", "{74B1B4BD-D3BB-4210-99C1-7E577ED3E18C}"
	ProjectSection(SolutionItems) = preProject
		documentation.md = documentation.md
	EndProjectSection
EndProject
Global
	GlobalSection(SolutionConfigurationPlatforms) = preSolution
		Debug|Any CPU = Debug|Any CPU
		Release|Any CPU = Release|Any CPU
	EndGlobalSection
	GlobalSection(ProjectConfigurationPlatforms) = postSolution
		{80972A8F-0387-4C7E-9846-F3F54B01932B}.Debug|Any CPU.ActiveCfg = Debug|Any CPU
		{80972A8F-0387-4C7E-9846-F3F54B01932B}.Debug|Any CPU.Build.0 = Debug|Any CPU
		{80972A8F-0387-4C7E-9846-F3F54B01932B}.Release|Any CPU.ActiveCfg = Release|Any CPU
		{80972A8F-0387-4C7E-9846-F3F54B01932B}.Release|Any CPU.Build.0 = Release|Any CPU
		{DC18DF1A-570F-4380-A266-3EF9CA771699}.Debug|Any CPU.ActiveCfg = Debug|Any CPU
		{DC18DF1A-570F-4380-A266-3EF9CA771699}.Debug|Any CPU.Build.0 = Debug|Any CPU
		{DC18DF1A-570F-4380-A266-3EF9CA771699}.Release|Any CPU.ActiveCfg = Release|Any CPU
		{DC18DF1A-570F-4380-A266-3EF9CA771699}.Release|Any CPU.Build.0 = Release|Any CPU
		{B242ECE0-86EB-4295-BDF4-20D419308253}.Debug|Any CPU.ActiveCfg = Debug|Any CPU
		{B242ECE0-86EB-4295-BDF4-20D419308253}.Debug|Any CPU.Build.0 = Debug|Any CPU
		{B242ECE0-86EB-4295-BDF4-20D419308253}.Release|Any CPU.ActiveCfg = Release|Any CPU
		{B242ECE0-86EB-4295-BDF4-20D419308253}.Release|Any CPU.Build.0 = Release|Any CPU
		{7A3689F5-20A7-44B8-9BA1-0CAE13628441}.Debug|Any CPU.ActiveCfg = Debug|Any CPU
		{7A3689F5-20A7-44B8-9BA1-0CAE13628441}.Debug|Any CPU.Build.0 = Debug|Any CPU
		{7A3689F5-20A7-44B8-9BA1-0CAE13628441}.Release|Any CPU.ActiveCfg = Release|Any CPU
		{7A3689F5-20A7-44B8-9BA1-0CAE13628441}.Release|Any CPU.Build.0 = Release|Any CPU
		{35426298-230A-484B-8A50-BFCBFEBF6532}.Debug|Any CPU.ActiveCfg = Debug|Any CPU
		{35426298-230A-484B-8A50-BFCBFEBF6532}.Debug|Any CPU.Build.0 = Debug|Any CPU
		{35426298-230A-484B-8A50-BFCBFEBF6532}.Release|Any CPU.ActiveCfg = Release|Any CPU
		{35426298-230A-484B-8A50-BFCBFEBF6532}.Release|Any CPU.Build.0 = Release|Any CPU
		{86DD3539-7553-4B83-A937-8ACD25AD31C3}.Debug|Any CPU.ActiveCfg = Debug|Any CPU
		{86DD3539-7553-4B83-A937-8ACD25AD31C3}.Debug|Any CPU.Build.0 = Debug|Any CPU
		{86DD3539-7553-4B83-A937-8ACD25AD31C3}.Release|Any CPU.ActiveCfg = Release|Any CPU
		{86DD3539-7553-4B83-A937-8ACD25AD31C3}.Release|Any CPU.Build.0 = Release|Any CPU
		{4D4373FF-D809-4402-98C9-E55D8E48A120}.Debug|Any CPU.ActiveCfg = Debug|Any CPU
		{4D4373FF-D809-4402-98C9-E55D8E48A120}.Debug|Any CPU.Build.0 = Debug|Any CPU
		{4D4373FF-D809-4402-98C9-E55D8E48A120}.Release|Any CPU.ActiveCfg = Release|Any CPU
		{4D4373FF-D809-4402-98C9-E55D8E48A120}.Release|Any CPU.Build.0 = Release|Any CPU
		{FF0A9A1D-9DF3-492E-BDB8-F9AF5464FE52}.Debug|Any CPU.ActiveCfg = Debug|Any CPU
		{FF0A9A1D-9DF3-492E-BDB8-F9AF5464FE52}.Debug|Any CPU.Build.0 = Debug|Any CPU
		{FF0A9A1D-9DF3-492E-BDB8-F9AF5464FE52}.Release|Any CPU.ActiveCfg = Release|Any CPU
		{FF0A9A1D-9DF3-492E-BDB8-F9AF5464FE52}.Release|Any CPU.Build.0 = Release|Any CPU
	EndGlobalSection
	GlobalSection(SolutionProperties) = preSolution
		HideSolutionNode = FALSE
	EndGlobalSection
	GlobalSection(ExtensibilityGlobals) = postSolution
		SolutionGuid = {F9E6A88F-DECD-4E36-8006-D0AE8496EAC3}
	EndGlobalSection
EndGlobal
