
Microsoft Visual Studio Solution File, Format Version 12.00
# Visual Studio Version 16
VisualStudioVersion = 16.0.29728.190
MinimumVisualStudioVersion = 10.0.40219.1
Project("{9A19103F-16F7-4668-BE54-9A1E7A4F7556}") = "Nuix.Console", "Nuix.Console\Nuix.Console.csproj", "{80972A8F-0387-4C7E-9846-F3F54B01932B}"
EndProject
Project("{9A19103F-16F7-4668-BE54-9A1E7A4F7556}") = "Nuix", "Nuix\Nuix.csproj", "{DC18DF1A-570F-4380-A266-3EF9CA771699}"
EndProject
Project("{9A19103F-16F7-4668-BE54-9A1E7A4F7556}") = "Nuix.Tests", "Nuix.Tests\Nuix.Tests.csproj", "{B242ECE0-86EB-4295-BDF4-20D419308253}"
EndProject
Project("{2150E333-8FDC-42A3-9474-1A3956D46DE8}") = "Solution Items", "Solution Items", "{74B1B4BD-D3BB-4210-99C1-7E577ED3E18C}"
	ProjectSection(SolutionItems) = preProject
		documentation.md = documentation.md
	EndProjectSection
EndProject
Project("{2150E333-8FDC-42A3-9474-1A3956D46DE8}") = "Scripts", "Scripts", "{2F057313-34E3-47F6-A7D6-E68F23D13FCB}"
	ProjectSection(SolutionItems) = preProject
		Scripts\AddConcordanceToCase.rb = Scripts\AddConcordanceToCase.rb
		Scripts\AddToCase.rb = Scripts\AddToCase.rb
		Scripts\AddToItemSet.rb = Scripts\AddToItemSet.rb
		Scripts\AddToProductionSet.rb = Scripts\AddToProductionSet.rb
		Scripts\AnnotateDocumentIds.rb = Scripts\AnnotateDocumentIds.rb
		Scripts\AssignCustodian.rb = Scripts\AssignCustodian.rb
		Scripts\CountItems.rb = Scripts\CountItems.rb
		Scripts\CreateCase.rb = Scripts\CreateCase.rb
		Scripts\CreateIrregularItemsReport.rb = Scripts\CreateIrregularItemsReport.rb
		Scripts\CreateNRTReport.rb = Scripts\CreateNRTReport.rb
		Scripts\CreateReport.rb = Scripts\CreateReport.rb
		Scripts\CreateTermList.rb = Scripts\CreateTermList.rb
		Scripts\DoesCaseExist.rb = Scripts\DoesCaseExist.rb
		Scripts\ExportConcordance.rb = Scripts\ExportConcordance.rb
		Scripts\ExtractEntities.rb = Scripts\ExtractEntities.rb
		Scripts\GeneratePrintPreviews.rb = Scripts\GeneratePrintPreviews.rb
		Scripts\GetParticularProperties.rb = Scripts\GetParticularProperties.rb
		Scripts\GetPrintPreviewState.rb = Scripts\GetPrintPreviewState.rb
		Scripts\ImportDocumentIds.rb = Scripts\ImportDocumentIds.rb
		Scripts\MigrateCase.rb = Scripts\MigrateCase.rb
		Scripts\RemoveFromProductionSet.rb = Scripts\RemoveFromProductionSet.rb
		Scripts\RenumberProductionSet.rb = Scripts\RenumberProductionSet.rb
		Scripts\RunOCR.rb = Scripts\RunOCR.rb
		Scripts\SearchAndTag.rb = Scripts\SearchAndTag.rb
	EndProjectSection
EndProject
Global
	GlobalSection(SolutionConfigurationPlatforms) = preSolution
		Debug|Any CPU = Debug|Any CPU
		Release|Any CPU = Release|Any CPU
	EndGlobalSection
	GlobalSection(ProjectConfigurationPlatforms) = postSolution
		{80972A8F-0387-4C7E-9846-F3F54B01932B}.Debug|Any CPU.ActiveCfg = Debug|Any CPU
		{80972A8F-0387-4C7E-9846-F3F54B01932B}.Debug|Any CPU.Build.0 = Debug|Any CPU
		{80972A8F-0387-4C7E-9846-F3F54B01932B}.Release|Any CPU.ActiveCfg = Release|Any CPU
		{80972A8F-0387-4C7E-9846-F3F54B01932B}.Release|Any CPU.Build.0 = Release|Any CPU
		{DC18DF1A-570F-4380-A266-3EF9CA771699}.Debug|Any CPU.ActiveCfg = Debug|Any CPU
		{DC18DF1A-570F-4380-A266-3EF9CA771699}.Debug|Any CPU.Build.0 = Debug|Any CPU
		{DC18DF1A-570F-4380-A266-3EF9CA771699}.Release|Any CPU.ActiveCfg = Release|Any CPU
		{DC18DF1A-570F-4380-A266-3EF9CA771699}.Release|Any CPU.Build.0 = Release|Any CPU
		{B242ECE0-86EB-4295-BDF4-20D419308253}.Debug|Any CPU.ActiveCfg = Debug|Any CPU
		{B242ECE0-86EB-4295-BDF4-20D419308253}.Debug|Any CPU.Build.0 = Debug|Any CPU
		{B242ECE0-86EB-4295-BDF4-20D419308253}.Release|Any CPU.ActiveCfg = Release|Any CPU
		{B242ECE0-86EB-4295-BDF4-20D419308253}.Release|Any CPU.Build.0 = Release|Any CPU
	EndGlobalSection
	GlobalSection(SolutionProperties) = preSolution
		HideSolutionNode = FALSE
	EndGlobalSection
	GlobalSection(NestedProjects) = preSolution
		{2F057313-34E3-47F6-A7D6-E68F23D13FCB} = {74B1B4BD-D3BB-4210-99C1-7E577ED3E18C}
	EndGlobalSection
	GlobalSection(ExtensibilityGlobals) = postSolution
		SolutionGuid = {F9E6A88F-DECD-4E36-8006-D0AE8496EAC3}
	EndGlobalSection
EndGlobal
